
Microsoft Visual Studio Solution File, Format Version 12.00
# Visual Studio Version 16
VisualStudioVersion = 16.0.30517.126
MinimumVisualStudioVersion = 10.0.40219.1
Project("{F184B08F-C81C-45F6-A57F-5ABD9991F28F}") = "Form", "Form\Form.vbproj", "{2A95633D-80FB-4614-8C86-1801C6DD1927}"
EndProject
Global
	GlobalSection(SolutionConfigurationPlatforms) = preSolution
		Debug|Any CPU = Debug|Any CPU
		Release|Any CPU = Release|Any CPU
	EndGlobalSection
	GlobalSection(ProjectConfigurationPlatforms) = postSolution
		{2A95633D-80FB-4614-8C86-1801C6DD1927}.Debug|Any CPU.ActiveCfg = Debug|Any CPU
		{2A95633D-80FB-4614-8C86-1801C6DD1927}.Debug|Any CPU.Build.0 = Debug|Any CPU
		{2A95633D-80FB-4614-8C86-1801C6DD1927}.Release|Any CPU.ActiveCfg = Release|Any CPU
		{2A95633D-80FB-4614-8C86-1801C6DD1927}.Release|Any CPU.Build.0 = Release|Any CPU
	EndGlobalSection
	GlobalSection(SolutionProperties) = preSolution
		HideSolutionNode = FALSE
	EndGlobalSection
	GlobalSection(ExtensibilityGlobals) = postSolution
		SolutionGuid = {5216D60B-E7AE-4DF9-ACFE-07883317E261}
	EndGlobalSection
EndGlobal
